dependencies:
- name: postgresql
  repository: oci://registry-1.docker.io/bitnamicharts
  version: 15.5.6
- name: mysql
  repository: oci://registry-1.docker.io/bitnamicharts
  version: 11.1.4
digest: sha256:1edb43656acd909933bf78f38dd12ccb86c1478ddee364681b7e5be07e41e3d5
generated: "2024-06-29T06:21:54.782904522Z"
