dependencies:
- name: postgresql
  repository: oci://registry-1.docker.io/bitnamicharts
  version: 15.1.4
- name: mysql
  repository: oci://registry-1.docker.io/bitnamicharts
  version: 10.1.1
digest: sha256:1df4f8fd7df0a3e6a2f13b32b4ffd0725ec2484a0cd23668357abff895b67dd1
generated: "2024-04-02T13:31:36.100066978Z"
