dependencies:
- name: postgresql
  repository: oci://registry-1.docker.io/bitnamicharts
  version: 15.5.6
- name: mysql
  repository: oci://registry-1.docker.io/bitnamicharts
  version: 11.1.11
digest: sha256:c90e77a99f33c9895a19e6012e20e283abd7c6b02668ae8f15cb97bc2102c75b
generated: "2024-07-22T12:33:53.227662245Z"
